
Microsoft Visual Studio Solution File, Format Version 12.00
# Visual Studio Version 16
VisualStudioVersion = 16.0.28729.10
MinimumVisualStudioVersion = 10.0.40219.1
Project("{FAE04EC0-301F-11D3-BF4B-00C04F79EFBC}") = "KillAllNeighbors", "KillAllNeighbors.csproj", "{2989F056-E49D-46D5-B262-042CD10F682A}"
EndProject
Project("{FAE04EC0-301F-11D3-BF4B-00C04F79EFBC}") = "GameServer", "..\GameServer\GameServer.csproj", "{1509D79F-0B7F-49F8-AB35-E1E721EB273D}"
EndProject
Global
	GlobalSection(SolutionConfigurationPlatforms) = preSolution
		Debug|Any CPU = Debug|Any CPU
		Release|Any CPU = Release|Any CPU
	EndGlobalSection
	GlobalSection(ProjectConfigurationPlatforms) = postSolution
		{2989F056-E49D-46D5-B262-042CD10F682A}.Debug|Any CPU.ActiveCfg = Debug|Any CPU
		{2989F056-E49D-46D5-B262-042CD10F682A}.Debug|Any CPU.Build.0 = Debug|Any CPU
		{2989F056-E49D-46D5-B262-042CD10F682A}.Release|Any CPU.ActiveCfg = Release|Any CPU
		{2989F056-E49D-46D5-B262-042CD10F682A}.Release|Any CPU.Build.0 = Release|Any CPU
		{1509D79F-0B7F-49F8-AB35-E1E721EB273D}.Debug|Any CPU.ActiveCfg = Debug|Any CPU
		{1509D79F-0B7F-49F8-AB35-E1E721EB273D}.Debug|Any CPU.Build.0 = Debug|Any CPU
		{1509D79F-0B7F-49F8-AB35-E1E721EB273D}.Release|Any CPU.ActiveCfg = Release|Any CPU
		{1509D79F-0B7F-49F8-AB35-E1E721EB273D}.Release|Any CPU.Build.0 = Release|Any CPU
	EndGlobalSection
	GlobalSection(SolutionProperties) = preSolution
		HideSolutionNode = FALSE
	EndGlobalSection
	GlobalSection(ExtensibilityGlobals) = postSolution
		SolutionGuid = {88BF163D-7ED2-4D32-BD97-044FAFEE3C2A}
	EndGlobalSection
EndGlobal
